
Microsoft Visual Studio Solution File, Format Version 12.00
# Visual Studio 15
VisualStudioVersion = 15.0.27130.2036
MinimumVisualStudioVersion = 10.0.40219.1
Project("{FAE04EC0-301F-11D3-BF4B-00C04F79EFBC}") = "LR1", "LR1\LR1.csproj", "{414591E8-4D5D-48F2-8DE8-4392099B8420}"
EndProject
Project("{FAE04EC0-301F-11D3-BF4B-00C04F79EFBC}") = "LR2", "LR2\LR2.csproj", "{83B4F182-37A2-446E-AAC6-686D8D84F2C0}"
EndProject
Project("{FAE04EC0-301F-11D3-BF4B-00C04F79EFBC}") = "LR3", "LR3\LR3.csproj", "{B9E41C61-80F1-4131-A108-C92D2EA6D65E}"
EndProject
Project("{FAE04EC0-301F-11D3-BF4B-00C04F79EFBC}") = "LR4", "LR4\LR4.csproj", "{1C1ACD9B-B0FF-413B-9A4E-BFEB247BA5D6}"
EndProject
Project("{8BC9CEB8-8B4A-11D0-8D11-00A0C91BC942}") = "LR4_test2", "LR4_test2\LR4_test2.vcxproj", "{6141B7CD-5CAD-4E07-9796-897D1A9BF955}"
EndProject
Project("{8BC9CEB8-8B4A-11D0-8D11-00A0C91BC942}") = "LR4_test1", "LR4_test1\LR4_test1.vcxproj", "{15315722-A0B8-41F0-BF27-327E678F9B63}"
EndProject
Project("{8BC9CEB8-8B4A-11D0-8D11-00A0C91BC942}") = "LR4_test3", "LR4_test3\LR4_test3.vcxproj", "{CD79D192-5689-41F4-9F1E-1EB213CEE60E}"
EndProject
Global
	GlobalSection(SolutionConfigurationPlatforms) = preSolution
		Debug|Any CPU = Debug|Any CPU
		Debug|x64 = Debug|x64
		Debug|x86 = Debug|x86
		Release|Any CPU = Release|Any CPU
		Release|x64 = Release|x64
		Release|x86 = Release|x86
	EndGlobalSection
	GlobalSection(ProjectConfigurationPlatforms) = postSolution
		{414591E8-4D5D-48F2-8DE8-4392099B8420}.Debug|Any CPU.ActiveCfg = Debug|Any CPU
		{414591E8-4D5D-48F2-8DE8-4392099B8420}.Debug|Any CPU.Build.0 = Debug|Any CPU
		{414591E8-4D5D-48F2-8DE8-4392099B8420}.Debug|x64.ActiveCfg = Debug|Any CPU
		{414591E8-4D5D-48F2-8DE8-4392099B8420}.Debug|x64.Build.0 = Debug|Any CPU
		{414591E8-4D5D-48F2-8DE8-4392099B8420}.Debug|x86.ActiveCfg = Debug|Any CPU
		{414591E8-4D5D-48F2-8DE8-4392099B8420}.Debug|x86.Build.0 = Debug|Any CPU
		{414591E8-4D5D-48F2-8DE8-4392099B8420}.Release|Any CPU.ActiveCfg = Release|Any CPU
		{414591E8-4D5D-48F2-8DE8-4392099B8420}.Release|Any CPU.Build.0 = Release|Any CPU
		{414591E8-4D5D-48F2-8DE8-4392099B8420}.Release|x64.ActiveCfg = Release|Any CPU
		{414591E8-4D5D-48F2-8DE8-4392099B8420}.Release|x64.Build.0 = Release|Any CPU
		{414591E8-4D5D-48F2-8DE8-4392099B8420}.Release|x86.ActiveCfg = Release|Any CPU
		{414591E8-4D5D-48F2-8DE8-4392099B8420}.Release|x86.Build.0 = Release|Any CPU
		{83B4F182-37A2-446E-AAC6-686D8D84F2C0}.Debug|Any CPU.ActiveCfg = Debug|Any CPU
		{83B4F182-37A2-446E-AAC6-686D8D84F2C0}.Debug|Any CPU.Build.0 = Debug|Any CPU
		{83B4F182-37A2-446E-AAC6-686D8D84F2C0}.Debug|x64.ActiveCfg = Debug|Any CPU
		{83B4F182-37A2-446E-AAC6-686D8D84F2C0}.Debug|x64.Build.0 = Debug|Any CPU
		{83B4F182-37A2-446E-AAC6-686D8D84F2C0}.Debug|x86.ActiveCfg = Debug|Any CPU
		{83B4F182-37A2-446E-AAC6-686D8D84F2C0}.Debug|x86.Build.0 = Debug|Any CPU
		{83B4F182-37A2-446E-AAC6-686D8D84F2C0}.Release|Any CPU.ActiveCfg = Release|Any CPU
		{83B4F182-37A2-446E-AAC6-686D8D84F2C0}.Release|Any CPU.Build.0 = Release|Any CPU
		{83B4F182-37A2-446E-AAC6-686D8D84F2C0}.Release|x64.ActiveCfg = Release|Any CPU
		{83B4F182-37A2-446E-AAC6-686D8D84F2C0}.Release|x64.Build.0 = Release|Any CPU
		{83B4F182-37A2-446E-AAC6-686D8D84F2C0}.Release|x86.ActiveCfg = Release|Any CPU
		{83B4F182-37A2-446E-AAC6-686D8D84F2C0}.Release|x86.Build.0 = Release|Any CPU
		{B9E41C61-80F1-4131-A108-C92D2EA6D65E}.Debug|Any CPU.ActiveCfg = Debug|Any CPU
		{B9E41C61-80F1-4131-A108-C92D2EA6D65E}.Debug|Any CPU.Build.0 = Debug|Any CPU
		{B9E41C61-80F1-4131-A108-C92D2EA6D65E}.Debug|x64.ActiveCfg = Debug|Any CPU
		{B9E41C61-80F1-4131-A108-C92D2EA6D65E}.Debug|x64.Build.0 = Debug|Any CPU
		{B9E41C61-80F1-4131-A108-C92D2EA6D65E}.Debug|x86.ActiveCfg = Debug|Any CPU
		{B9E41C61-80F1-4131-A108-C92D2EA6D65E}.Debug|x86.Build.0 = Debug|Any CPU
		{B9E41C61-80F1-4131-A108-C92D2EA6D65E}.Release|Any CPU.ActiveCfg = Release|Any CPU
		{B9E41C61-80F1-4131-A108-C92D2EA6D65E}.Release|Any CPU.Build.0 = Release|Any CPU
		{B9E41C61-80F1-4131-A108-C92D2EA6D65E}.Release|x64.ActiveCfg = Release|Any CPU
		{B9E41C61-80F1-4131-A108-C92D2EA6D65E}.Release|x64.Build.0 = Release|Any CPU
		{B9E41C61-80F1-4131-A108-C92D2EA6D65E}.Release|x86.ActiveCfg = Release|Any CPU
		{B9E41C61-80F1-4131-A108-C92D2EA6D65E}.Release|x86.Build.0 = Release|Any CPU
		{1C1ACD9B-B0FF-413B-9A4E-BFEB247BA5D6}.Debug|Any CPU.ActiveCfg = Debug|Any CPU
		{1C1ACD9B-B0FF-413B-9A4E-BFEB247BA5D6}.Debug|Any CPU.Build.0 = Debug|Any CPU
		{1C1ACD9B-B0FF-413B-9A4E-BFEB247BA5D6}.Debug|x64.ActiveCfg = Debug|Any CPU
		{1C1ACD9B-B0FF-413B-9A4E-BFEB247BA5D6}.Debug|x64.Build.0 = Debug|Any CPU
		{1C1ACD9B-B0FF-413B-9A4E-BFEB247BA5D6}.Debug|x86.ActiveCfg = Debug|Any CPU
		{1C1ACD9B-B0FF-413B-9A4E-BFEB247BA5D6}.Debug|x86.Build.0 = Debug|Any CPU
		{1C1ACD9B-B0FF-413B-9A4E-BFEB247BA5D6}.Release|Any CPU.ActiveCfg = Release|Any CPU
		{1C1ACD9B-B0FF-413B-9A4E-BFEB247BA5D6}.Release|Any CPU.Build.0 = Release|Any CPU
		{1C1ACD9B-B0FF-413B-9A4E-BFEB247BA5D6}.Release|x64.ActiveCfg = Release|Any CPU
		{1C1ACD9B-B0FF-413B-9A4E-BFEB247BA5D6}.Release|x64.Build.0 = Release|Any CPU
		{1C1ACD9B-B0FF-413B-9A4E-BFEB247BA5D6}.Release|x86.ActiveCfg = Release|Any CPU
		{1C1ACD9B-B0FF-413B-9A4E-BFEB247BA5D6}.Release|x86.Build.0 = Release|Any CPU
		{6141B7CD-5CAD-4E07-9796-897D1A9BF955}.Debug|Any CPU.ActiveCfg = Debug|Win32
		{6141B7CD-5CAD-4E07-9796-897D1A9BF955}.Debug|x64.ActiveCfg = Debug|x64
		{6141B7CD-5CAD-4E07-9796-897D1A9BF955}.Debug|x64.Build.0 = Debug|x64
		{6141B7CD-5CAD-4E07-9796-897D1A9BF955}.Debug|x86.ActiveCfg = Debug|Win32
		{6141B7CD-5CAD-4E07-9796-897D1A9BF955}.Debug|x86.Build.0 = Debug|Win32
		{6141B7CD-5CAD-4E07-9796-897D1A9BF955}.Release|Any CPU.ActiveCfg = Release|Win32
		{6141B7CD-5CAD-4E07-9796-897D1A9BF955}.Release|x64.ActiveCfg = Release|x64
		{6141B7CD-5CAD-4E07-9796-897D1A9BF955}.Release|x64.Build.0 = Release|x64
		{6141B7CD-5CAD-4E07-9796-897D1A9BF955}.Release|x86.ActiveCfg = Release|Win32
		{6141B7CD-5CAD-4E07-9796-897D1A9BF955}.Release|x86.Build.0 = Release|Win32
		{15315722-A0B8-41F0-BF27-327E678F9B63}.Debug|Any CPU.ActiveCfg = Debug|Win32
		{15315722-A0B8-41F0-BF27-327E678F9B63}.Debug|x64.ActiveCfg = Debug|x64
		{15315722-A0B8-41F0-BF27-327E678F9B63}.Debug|x64.Build.0 = Debug|x64
		{15315722-A0B8-41F0-BF27-327E678F9B63}.Debug|x86.ActiveCfg = Debug|Win32
		{15315722-A0B8-41F0-BF27-327E678F9B63}.Debug|x86.Build.0 = Debug|Win32
		{15315722-A0B8-41F0-BF27-327E678F9B63}.Release|Any CPU.ActiveCfg = Release|Win32
		{15315722-A0B8-41F0-BF27-327E678F9B63}.Release|x64.ActiveCfg = Release|x64
		{15315722-A0B8-41F0-BF27-327E678F9B63}.Release|x64.Build.0 = Release|x64
		{15315722-A0B8-41F0-BF27-327E678F9B63}.Release|x86.ActiveCfg = Release|Win32
		{15315722-A0B8-41F0-BF27-327E678F9B63}.Release|x86.Build.0 = Release|Win32
		{CD79D192-5689-41F4-9F1E-1EB213CEE60E}.Debug|Any CPU.ActiveCfg = Debug|Win32
		{CD79D192-5689-41F4-9F1E-1EB213CEE60E}.Debug|x64.ActiveCfg = Debug|x64
		{CD79D192-5689-41F4-9F1E-1EB213CEE60E}.Debug|x64.Build.0 = Debug|x64
		{CD79D192-5689-41F4-9F1E-1EB213CEE60E}.Debug|x86.ActiveCfg = Debug|Win32
		{CD79D192-5689-41F4-9F1E-1EB213CEE60E}.Debug|x86.Build.0 = Debug|Win32
		{CD79D192-5689-41F4-9F1E-1EB213CEE60E}.Release|Any CPU.ActiveCfg = Release|Win32
		{CD79D192-5689-41F4-9F1E-1EB213CEE60E}.Release|x64.ActiveCfg = Release|x64
		{CD79D192-5689-41F4-9F1E-1EB213CEE60E}.Release|x64.Build.0 = Release|x64
		{CD79D192-5689-41F4-9F1E-1EB213CEE60E}.Release|x86.ActiveCfg = Release|Win32
		{CD79D192-5689-41F4-9F1E-1EB213CEE60E}.Release|x86.Build.0 = Release|Win32
	EndGlobalSection
	GlobalSection(SolutionProperties) = preSolution
		HideSolutionNode = FALSE
	EndGlobalSection
	GlobalSection(ExtensibilityGlobals) = postSolution
		SolutionGuid = {11FEAC2E-73FF-469B-BA1E-4EBBE476AF39}
	EndGlobalSection
EndGlobal
